{
  "name": "front-end",
  "lockfileVersion": 3,
  "requires": true,
  "packages": {
    "": {
      "dependencies": {
        "@tbmp/mp-cloud-sdk": "^1.5.10",
        "jweixin-module": "^1.6.0"
      }
    },
    "node_modules/@tbmp/mp-cloud-sdk": {
      "version": "1.5.10",
      "resolved": "https://registry.npmjs.org/@tbmp/mp-cloud-sdk/-/mp-cloud-sdk-1.5.10.tgz",
      "integrity": "sha512-KweMl44yjnU76jWEbuCyRpTDgxlgu6zCe41psre6IfjwGeQriSew/KymGESAs0SDjH0sAfFONo/tLR6ltrNa+w==",
      "license": "ISC"
    },
    "node_modules/jweixin-module": {
      "version": "1.6.0",
      "license": "ISC"
    }
  }
}
